
Microsoft Visual Studio Solution File, Format Version 12.00
# Visual Studio Version 17
VisualStudioVersion = 17.1.32210.238
MinimumVisualStudioVersion = 10.0.40219.1
Project("{FAE04EC0-301F-11D3-BF4B-00C04F79EFBC}") = "binary", "binary.csproj", "{72B87EC0-667D-43A0-B8E8-E2E70A808253}"
EndProject
Global
	GlobalSection(SolutionConfigurationPlatforms) = preSolution
		Debug|Any CPU = Debug|Any CPU
		Release|Any CPU = Release|Any CPU
	EndGlobalSection
	GlobalSection(ProjectConfigurationPlatforms) = postSolution
		{72B87EC0-667D-43A0-B8E8-E2E70A808253}.Debug|Any CPU.ActiveCfg = Debug|Any CPU
		{72B87EC0-667D-43A0-B8E8-E2E70A808253}.Debug|Any CPU.Build.0 = Debug|Any CPU
		{72B87EC0-667D-43A0-B8E8-E2E70A808253}.Release|Any CPU.ActiveCfg = Release|Any CPU
		{72B87EC0-667D-43A0-B8E8-E2E70A808253}.Release|Any CPU.Build.0 = Release|Any CPU
	EndGlobalSection
	GlobalSection(SolutionProperties) = preSolution
		HideSolutionNode = FALSE
	EndGlobalSection
	GlobalSection(ExtensibilityGlobals) = postSolution
		SolutionGuid = {73A90058-DECB-4A83-BACA-08F1AB62AEAF}
	EndGlobalSection
EndGlobal
