
Microsoft Visual Studio Solution File, Format Version 12.00
# Visual Studio Version 16
VisualStudioVersion = 16.0.32802.440
MinimumVisualStudioVersion = 10.0.40219.1
Project("{FAE04EC0-301F-11D3-BF4B-00C04F79EFBC}") = "Lab 1", "Lab 1.csproj", "{708799C3-8E66-40A3-9EEB-55161CA15389}"
EndProject
Global
	GlobalSection(SolutionConfigurationPlatforms) = preSolution
		Debug|Any CPU = Debug|Any CPU
		Release|Any CPU = Release|Any CPU
	EndGlobalSection
	GlobalSection(ProjectConfigurationPlatforms) = postSolution
		{708799C3-8E66-40A3-9EEB-55161CA15389}.Debug|Any CPU.ActiveCfg = Debug|Any CPU
		{708799C3-8E66-40A3-9EEB-55161CA15389}.Debug|Any CPU.Build.0 = Debug|Any CPU
		{708799C3-8E66-40A3-9EEB-55161CA15389}.Release|Any CPU.ActiveCfg = Release|Any CPU
		{708799C3-8E66-40A3-9EEB-55161CA15389}.Release|Any CPU.Build.0 = Release|Any CPU
	EndGlobalSection
	GlobalSection(SolutionProperties) = preSolution
		HideSolutionNode = FALSE
	EndGlobalSection
	GlobalSection(ExtensibilityGlobals) = postSolution
		SolutionGuid = {2B42CFBE-D925-4E95-B653-E5C93CEB6D1F}
	EndGlobalSection
EndGlobal
