
Microsoft Visual Studio Solution File, Format Version 12.00
# Visual Studio Version 17
VisualStudioVersion = 17.3.32929.385
MinimumVisualStudioVersion = 10.0.40219.1
Project("{FAE04EC0-301F-11D3-BF4B-00C04F79EFBC}") = "Lab 5", "Lab 5\Lab 5.csproj", "{A1BA4F2F-47DA-441E-A8CC-FA11C6FCC558}"
EndProject
Global
	GlobalSection(SolutionConfigurationPlatforms) = preSolution
		Debug|Any CPU = Debug|Any CPU
		Release|Any CPU = Release|Any CPU
	EndGlobalSection
	GlobalSection(ProjectConfigurationPlatforms) = postSolution
		{A1BA4F2F-47DA-441E-A8CC-FA11C6FCC558}.Debug|Any CPU.ActiveCfg = Debug|Any CPU
		{A1BA4F2F-47DA-441E-A8CC-FA11C6FCC558}.Debug|Any CPU.Build.0 = Debug|Any CPU
		{A1BA4F2F-47DA-441E-A8CC-FA11C6FCC558}.Release|Any CPU.ActiveCfg = Release|Any CPU
		{A1BA4F2F-47DA-441E-A8CC-FA11C6FCC558}.Release|Any CPU.Build.0 = Release|Any CPU
	EndGlobalSection
	GlobalSection(SolutionProperties) = preSolution
		HideSolutionNode = FALSE
	EndGlobalSection
	GlobalSection(ExtensibilityGlobals) = postSolution
		SolutionGuid = {050DD01D-CF1F-4DDE-86F2-78EB3CF3AEC4}
	EndGlobalSection
EndGlobal
