
Microsoft Visual Studio Solution File, Format Version 12.00
# Visual Studio Version 17
VisualStudioVersion = 17.3.32929.385
MinimumVisualStudioVersion = 10.0.40219.1
Project("{FAE04EC0-301F-11D3-BF4B-00C04F79EFBC}") = "Lab 13", "Lab 13\Lab 13.csproj", "{2E8E841C-839F-468B-B8AC-E9348BC07879}"
EndProject
Global
	GlobalSection(SolutionConfigurationPlatforms) = preSolution
		Debug|Any CPU = Debug|Any CPU
		Release|Any CPU = Release|Any CPU
	EndGlobalSection
	GlobalSection(ProjectConfigurationPlatforms) = postSolution
		{2E8E841C-839F-468B-B8AC-E9348BC07879}.Debug|Any CPU.ActiveCfg = Debug|Any CPU
		{2E8E841C-839F-468B-B8AC-E9348BC07879}.Debug|Any CPU.Build.0 = Debug|Any CPU
		{2E8E841C-839F-468B-B8AC-E9348BC07879}.Release|Any CPU.ActiveCfg = Release|Any CPU
		{2E8E841C-839F-468B-B8AC-E9348BC07879}.Release|Any CPU.Build.0 = Release|Any CPU
	EndGlobalSection
	GlobalSection(SolutionProperties) = preSolution
		HideSolutionNode = FALSE
	EndGlobalSection
	GlobalSection(ExtensibilityGlobals) = postSolution
		SolutionGuid = {D84D005F-1D26-4AE1-A152-95A027714313}
	EndGlobalSection
EndGlobal
