
Microsoft Visual Studio Solution File, Format Version 12.00
# Visual Studio Version 17
VisualStudioVersion = 17.3.32929.385
MinimumVisualStudioVersion = 10.0.40219.1
Project("{FAE04EC0-301F-11D3-BF4B-00C04F79EFBC}") = "Lab 14", "Lab 14\Lab 14.csproj", "{A80238D1-2AEC-452A-B745-5CBDD48F44AD}"
EndProject
Global
	GlobalSection(SolutionConfigurationPlatforms) = preSolution
		Debug|Any CPU = Debug|Any CPU
		Release|Any CPU = Release|Any CPU
	EndGlobalSection
	GlobalSection(ProjectConfigurationPlatforms) = postSolution
		{A80238D1-2AEC-452A-B745-5CBDD48F44AD}.Debug|Any CPU.ActiveCfg = Debug|Any CPU
		{A80238D1-2AEC-452A-B745-5CBDD48F44AD}.Debug|Any CPU.Build.0 = Debug|Any CPU
		{A80238D1-2AEC-452A-B745-5CBDD48F44AD}.Release|Any CPU.ActiveCfg = Release|Any CPU
		{A80238D1-2AEC-452A-B745-5CBDD48F44AD}.Release|Any CPU.Build.0 = Release|Any CPU
	EndGlobalSection
	GlobalSection(SolutionProperties) = preSolution
		HideSolutionNode = FALSE
	EndGlobalSection
	GlobalSection(ExtensibilityGlobals) = postSolution
		SolutionGuid = {0B5825E5-A006-4626-832C-7CC4C961488B}
	EndGlobalSection
EndGlobal
