
Microsoft Visual Studio Solution File, Format Version 12.00
# Visual Studio Version 17
VisualStudioVersion = 17.3.32929.385
MinimumVisualStudioVersion = 10.0.40219.1
Project("{FAE04EC0-301F-11D3-BF4B-00C04F79EFBC}") = "Lab 15", "Lab 15\Lab 15.csproj", "{B6BB48C9-B836-4B2A-8358-B0C6AE1E3487}"
EndProject
Global
	GlobalSection(SolutionConfigurationPlatforms) = preSolution
		Debug|Any CPU = Debug|Any CPU
		Release|Any CPU = Release|Any CPU
	EndGlobalSection
	GlobalSection(ProjectConfigurationPlatforms) = postSolution
		{B6BB48C9-B836-4B2A-8358-B0C6AE1E3487}.Debug|Any CPU.ActiveCfg = Debug|Any CPU
		{B6BB48C9-B836-4B2A-8358-B0C6AE1E3487}.Debug|Any CPU.Build.0 = Debug|Any CPU
		{B6BB48C9-B836-4B2A-8358-B0C6AE1E3487}.Release|Any CPU.ActiveCfg = Release|Any CPU
		{B6BB48C9-B836-4B2A-8358-B0C6AE1E3487}.Release|Any CPU.Build.0 = Release|Any CPU
	EndGlobalSection
	GlobalSection(SolutionProperties) = preSolution
		HideSolutionNode = FALSE
	EndGlobalSection
	GlobalSection(ExtensibilityGlobals) = postSolution
		SolutionGuid = {7527D09E-2724-485A-8F8F-48FBD380F30A}
	EndGlobalSection
EndGlobal
